
Microsoft Visual Studio Solution File, Format Version 12.00
# Visual Studio 14
VisualStudioVersion = 14.0.24720.0
MinimumVisualStudioVersion = 10.0.40219.1
Project("{2150E333-8FDC-42A3-9474-1A3956D46DE8}") = "FrameWork", "FrameWork", "{42272F0A-0F33-42C1-9CB6-7E4EFCACFE7C}"
EndProject
Project("{FAE04EC0-301F-11D3-BF4B-00C04F79EFBC}") = "FrameWork.Domain.Model", "FrameWork.Domain.Model\FrameWork.Domain.Model.csproj", "{6F929DCD-48D9-45ED-A9BD-AFAAF14E87E9}"
EndProject
Project("{FAE04EC0-301F-11D3-BF4B-00C04F79EFBC}") = "FrameWork.Application", "FrameWork.Application\FrameWork.Application.csproj", "{3BD8A41D-50A9-4624-9920-503924093AE4}"
EndProject
Project("{2150E333-8FDC-42A3-9474-1A3956D46DE8}") = "Articles", "Articles", "{C301C505-8347-4D23-A779-EC0B1660562C}"
EndProject
Project("{2150E333-8FDC-42A3-9474-1A3956D46DE8}") = "Articles.Domain", "Articles.Domain", "{78662238-C5E1-4563-B25C-4FEAC611FD22}"
EndProject
Project("{FAE04EC0-301F-11D3-BF4B-00C04F79EFBC}") = "Articles.DomainModel", "Posts.DomainModel\Articles.DomainModel.csproj", "{49F420CE-AF11-4E98-8B48-4CCE5336DECF}"
EndProject
Project("{FAE04EC0-301F-11D3-BF4B-00C04F79EFBC}") = "FrameWork.Application.Test", "FrameWork.Application.Test\FrameWork.Application.Test.csproj", "{CEDE98CB-DEC4-4692-9CCA-2A162F306A2E}"
EndProject
Project("{2150E333-8FDC-42A3-9474-1A3956D46DE8}") = "Articles.Application.Data", "Articles.Application.Data", "{5E91065E-3C01-434A-A533-154352E6D3DB}"
EndProject
Project("{FAE04EC0-301F-11D3-BF4B-00C04F79EFBC}") = "Articles.Data.DataRepository", "Articles.Data.DataRepository\Articles.Data.DataRepository.csproj", "{E33FBB74-E026-444D-965F-75D888A5D5DD}"
EndProject
Project("{FAE04EC0-301F-11D3-BF4B-00C04F79EFBC}") = "Articles.Data.DataAccess", "Articles.Data.DataAccess\Articles.Data.DataAccess.csproj", "{D6BC3E85-4EBE-43C9-BF61-CDE73FCC46CC}"
EndProject
Project("{FAE04EC0-301F-11D3-BF4B-00C04F79EFBC}") = "Articles.Data.TestDataAccess", "Articles.Data.TestDataAccess\Articles.Data.TestDataAccess.csproj", "{4644D6D2-F973-4483-9F57-7E5EFA61C0B2}"
EndProject
Project("{2150E333-8FDC-42A3-9474-1A3956D46DE8}") = "Articles.Application.Bootstrap", "Articles.Application.Bootstrap", "{9D3DF840-4D4F-4D16-81B3-B5667FDF451E}"
EndProject
Project("{FAE04EC0-301F-11D3-BF4B-00C04F79EFBC}") = "Articles.IOC.Bootstraper", "Articles.IOC.Bootstraper\Articles.IOC.Bootstraper.csproj", "{13D45AA9-6B59-4AC9-8FF2-22B8BB4A1D1B}"
EndProject
Project("{2150E333-8FDC-42A3-9474-1A3956D46DE8}") = "Articles.Application.Service", "Articles.Application.Service", "{97682BBB-CC7E-4E04-814F-856FA41CFD6E}"
EndProject
Project("{FAE04EC0-301F-11D3-BF4B-00C04F79EFBC}") = "Articles.Application.BussinessService", "Articles.Application.BussinessService\Articles.Application.BussinessService.csproj", "{48D7E7A2-4870-46A1-9D6E-A32FEB6624B0}"
EndProject
Project("{FAE04EC0-301F-11D3-BF4B-00C04F79EFBC}") = "Articles.Application.Bussiness", "Articles.Application.Bussiness\Articles.Application.Bussiness.csproj", "{96C57E0A-B36E-444C-96BE-CF778D6AB427}"
EndProject
Project("{FAE04EC0-301F-11D3-BF4B-00C04F79EFBC}") = "Articles.Application.Bussiness.Test", "Articles.Application.Bussiness.Test\Articles.Application.Bussiness.Test.csproj", "{30D7B617-F1C4-403D-BE86-114FE6EC7439}"
EndProject
Project("{FAE04EC0-301F-11D3-BF4B-00C04F79EFBC}") = "FrameWork.Core", "FrameWork.Core\FrameWork.Core.csproj", "{264AD558-A980-4E12-9AED-6558170C656E}"
EndProject
Project("{2150E333-8FDC-42A3-9474-1A3956D46DE8}") = "Plugin", "Plugin", "{D29B4F6F-3E61-4EEE-B8AC-5C787A198CC8}"
EndProject
Project("{FAE04EC0-301F-11D3-BF4B-00C04F79EFBC}") = "PluginBase", "PluginBase\PluginBase.csproj", "{202FFE0A-BC75-4E4D-87F6-37161108856B}"
EndProject
Project("{FAE04EC0-301F-11D3-BF4B-00C04F79EFBC}") = "SoheilCMS", "SoheilCMS\SoheilCMS.csproj", "{1DD6A714-A966-4A70-9DBC-BC015F25E489}"
EndProject
Project("{FAE04EC0-301F-11D3-BF4B-00C04F79EFBC}") = "SoheilCMS.Tests", "SoheilCMS.Tests\SoheilCMS.Tests.csproj", "{7365E3A9-8E73-48FA-B044-8929F6692088}"
EndProject
Project("{2150E333-8FDC-42A3-9474-1A3956D46DE8}") = "Articles.Application.Contracts", "Articles.Application.Contracts", "{6341790F-EB07-4CDF-9038-477CA9FD8B36}"
EndProject
Project("{FAE04EC0-301F-11D3-BF4B-00C04F79EFBC}") = "Articles.Contracts", "Articles.Contracts\Articles.Contracts.csproj", "{E60949A9-B014-40D7-B89C-35B9F9E4F89E}"
EndProject
Project("{2150E333-8FDC-42A3-9474-1A3956D46DE8}") = "Menu", "Menu", "{30416A1C-A7E2-47E1-9265-620A81AE1A8A}"
EndProject
Project("{2150E333-8FDC-42A3-9474-1A3956D46DE8}") = "Menu.Domain", "Menu.Domain", "{3F4C435F-7EE4-4903-9BC1-9D801413298D}"
EndProject
Project("{FAE04EC0-301F-11D3-BF4B-00C04F79EFBC}") = "Menu.DomainModel", "Menu.DomainModel\Menu.DomainModel.csproj", "{28783428-B18E-4867-B682-C6EA6A8852A3}"
EndProject
Project("{2150E333-8FDC-42A3-9474-1A3956D46DE8}") = "Menu.Application.Data", "Menu.Application.Data", "{94F50FB1-2743-47C3-88BB-F4B4E07268DA}"
EndProject
Project("{FAE04EC0-301F-11D3-BF4B-00C04F79EFBC}") = "Menu.Data.DataRepository", "Menu.Data.DataRepository\Menu.Data.DataRepository.csproj", "{1B1600B8-7ACB-4B6B-8BC6-138DD4797CAD}"
EndProject
Project("{FAE04EC0-301F-11D3-BF4B-00C04F79EFBC}") = "Menu.Data.DataAccess", "Menu.Data.DataAccess\Menu.Data.DataAccess.csproj", "{67BF7B14-4D2B-4FD9-A297-AF13734EC13B}"
EndProject
Project("{2150E333-8FDC-42A3-9474-1A3956D46DE8}") = "Menu.Application.Service", "Menu.Application.Service", "{545BC861-FC71-4CE1-AA93-FF4FE2A35B47}"
EndProject
Project("{FAE04EC0-301F-11D3-BF4B-00C04F79EFBC}") = "Menu.Application.BussinessService", "Menu.Application.BussinessService\Menu.Application.BussinessService.csproj", "{90197769-BEF1-47C4-B661-B0DCFC77766D}"
EndProject
Project("{FAE04EC0-301F-11D3-BF4B-00C04F79EFBC}") = "Menu.Application.Bussiness", "Menu.Application.Bussiness\Menu.Application.Bussiness.csproj", "{54C9B10A-A23B-49EB-818D-CAE5A59534E4}"
EndProject
Project("{2150E333-8FDC-42A3-9474-1A3956D46DE8}") = "Menu.Application.Bootstrap", "Menu.Application.Bootstrap", "{6DEA1E94-7621-4ACB-888C-0B35DF9D103D}"
EndProject
Project("{FAE04EC0-301F-11D3-BF4B-00C04F79EFBC}") = "Menu.IOC.Bootstraper", "Menu.IOC.Bootstraper\Menu.IOC.Bootstraper.csproj", "{D4D00D26-5AFD-41B2-AAAF-BCCF030EC917}"
EndProject
Project("{2150E333-8FDC-42A3-9474-1A3956D46DE8}") = "WorkSample", "WorkSample", "{A2F7ED75-1E32-42D4-A813-C7DB9E33A0A8}"
EndProject
Project("{FAE04EC0-301F-11D3-BF4B-00C04F79EFBC}") = "WorkSamplesPlugin", "WorkSamplesPlugin\WorkSamplesPlugin.csproj", "{8D7FD852-52FF-4439-BD59-02A4342E06EC}"
EndProject
Project("{2150E333-8FDC-42A3-9474-1A3956D46DE8}") = "WorkSample.Domain", "WorkSample.Domain", "{4A62A8BD-E89B-4FC6-91E3-436BCF7B7EFD}"
EndProject
Project("{FAE04EC0-301F-11D3-BF4B-00C04F79EFBC}") = "WorkSamples.DomainModel", "WorkSamples.DomainModel\WorkSamples.DomainModel.csproj", "{388B9C11-98E3-4B75-8153-A698C757D68E}"
EndProject
Project("{2150E333-8FDC-42A3-9474-1A3956D46DE8}") = "WorkSample.Application.Data", "WorkSample.Application.Data", "{BEE2DB29-16F4-40EF-9294-F4CA755A36FF}"
EndProject
Project("{FAE04EC0-301F-11D3-BF4B-00C04F79EFBC}") = "WorkSamples.Data.DataRepository", "WorkSamples.Data.DataRepository\WorkSamples.Data.DataRepository.csproj", "{B635145B-8166-44A7-BA1A-060944ED329E}"
EndProject
Project("{FAE04EC0-301F-11D3-BF4B-00C04F79EFBC}") = "WorkSample.Data.DataAccess", "WorkSample.Data.DataAccess\WorkSample.Data.DataAccess.csproj", "{25206F54-8F46-4F97-87DD-1B3E456D5477}"
EndProject
Project("{FAE04EC0-301F-11D3-BF4B-00C04F79EFBC}") = "PluginManager", "PluginManager\PluginManager.csproj", "{89A09A22-930E-4EC4-B7C6-653DC456540A}"
EndProject
Project("{2150E333-8FDC-42A3-9474-1A3956D46DE8}") = "WorkSample.Application.Bootstrap", "WorkSample.Application.Bootstrap", "{4EDC78FA-FDEB-487C-872D-AB696CFB93C9}"
EndProject
Project("{FAE04EC0-301F-11D3-BF4B-00C04F79EFBC}") = "WorkSample.IOC.Bootstrap", "WorkSample.IOC.Bootstrap\WorkSample.IOC.Bootstrap.csproj", "{C83E2401-377E-4729-BFD3-73D87BB93F88}"
EndProject
Project("{2150E333-8FDC-42A3-9474-1A3956D46DE8}") = "WorkSample.Application.Service", "WorkSample.Application.Service", "{F37D424B-67E8-4A91-9B37-A1D79D204B9F}"
EndProject
Project("{FAE04EC0-301F-11D3-BF4B-00C04F79EFBC}") = "WorkSample.Application.BussinessService", "WorkSample.Application.BussinessService\WorkSample.Application.BussinessService.csproj", "{57499510-2DC5-4C96-A731-A494AB044EC1}"
EndProject
Project("{FAE04EC0-301F-11D3-BF4B-00C04F79EFBC}") = "WorkSample.Application.Bussiness", "WorkSample.Application.Bussiness\WorkSample.Application.Bussiness.csproj", "{C21F2317-6624-4968-9DFA-99CBABFF1EB0}"
EndProject
Project("{2150E333-8FDC-42A3-9474-1A3956D46DE8}") = "WorkSample.Applicationl.Contracts", "WorkSample.Applicationl.Contracts", "{9E0D364D-41B5-4CC1-A4B4-A7C1163F5F69}"
EndProject
Project("{FAE04EC0-301F-11D3-BF4B-00C04F79EFBC}") = "WorkSample.Contracts", "WorkSample.Contracts\WorkSample.Contracts.csproj", "{01612586-3557-4AEF-8E26-A9F1C1608ED5}"
EndProject
Project("{FAE04EC0-301F-11D3-BF4B-00C04F79EFBC}") = "BaseMVC", "BaseMVC\BaseMVC.csproj", "{B6D7ADBA-827C-40D6-B4CF-D5BF838A2CEE}"
EndProject
Project("{2150E333-8FDC-42A3-9474-1A3956D46DE8}") = "Authors", "Authors", "{27764C78-6DD1-4763-8C80-4C64AA886E73}"
EndProject
Project("{FAE04EC0-301F-11D3-BF4B-00C04F79EFBC}") = "AuthorPlugin", "AuthorPlugin\AuthorPlugin.csproj", "{759B3226-72F7-4040-BF1B-CC8A7DDFC779}"
EndProject
Project("{FAE04EC0-301F-11D3-BF4B-00C04F79EFBC}") = "Authors.DomainModel", "Authors.DomainModel\Authors.DomainModel.csproj", "{49C9F3B1-402E-4089-896C-DC5231F23703}"
EndProject
Project("{2150E333-8FDC-42A3-9474-1A3956D46DE8}") = "Author.Data", "Author.Data", "{6649F74F-D0C4-4ADD-9F62-7F53DBF71CB3}"
EndProject
Project("{FAE04EC0-301F-11D3-BF4B-00C04F79EFBC}") = "Authors.Data.DataRepository", "Authors.Data.DataRepository\Authors.Data.DataRepository.csproj", "{E122CC52-C248-4304-B52A-EF6BE483FB1F}"
EndProject
Project("{FAE04EC0-301F-11D3-BF4B-00C04F79EFBC}") = "Authors.Data.DataAccess", "Authors.Data.DataAccess\Authors.Data.DataAccess.csproj", "{F69124E2-9281-4DAD-9677-BFAE507E811D}"
EndProject
Project("{2150E333-8FDC-42A3-9474-1A3956D46DE8}") = "Author.Service", "Author.Service", "{7A6E3FA6-E4B7-4392-B623-B3736C6A0DCB}"
EndProject
Project("{FAE04EC0-301F-11D3-BF4B-00C04F79EFBC}") = "Authors.Application.BussinessService", "Authors.Application.BussinessService\Authors.Application.BussinessService.csproj", "{0351786D-6ED7-4E17-B18C-D8316F272063}"
EndProject
Project("{FAE04EC0-301F-11D3-BF4B-00C04F79EFBC}") = "Authors.Application.Bussiness", "Authors.Application.Bussiness\Authors.Application.Bussiness.csproj", "{0CB2AA7D-BE4A-43C9-821B-C3656F7039DA}"
EndProject
Project("{FAE04EC0-301F-11D3-BF4B-00C04F79EFBC}") = "Authors.Contracts", "Authors.Contracts\Authors.Contracts.csproj", "{55C37300-B0A0-436A-9C59-CE56DB00E3C0}"
EndProject
Project("{2150E333-8FDC-42A3-9474-1A3956D46DE8}") = "Autor.Bootstrap", "Autor.Bootstrap", "{F990B3EE-7881-484B-A7DF-67EF92A4EE8B}"
EndProject
Project("{FAE04EC0-301F-11D3-BF4B-00C04F79EFBC}") = "Author.Appliction.Bootstraper", "Author.Appliction.Bootstraper\Author.Appliction.Bootstraper.csproj", "{F9C593AA-3CBF-4A3E-ABB3-EC65AD46B3DD}"
EndProject
Global
	GlobalSection(SolutionConfigurationPlatforms) = preSolution
		Debug|Any CPU = Debug|Any CPU
		Release|Any CPU = Release|Any CPU
	EndGlobalSection
	GlobalSection(ProjectConfigurationPlatforms) = postSolution
		{6F929DCD-48D9-45ED-A9BD-AFAAF14E87E9}.Debug|Any CPU.ActiveCfg = Debug|Any CPU
		{6F929DCD-48D9-45ED-A9BD-AFAAF14E87E9}.Debug|Any CPU.Build.0 = Debug|Any CPU
		{6F929DCD-48D9-45ED-A9BD-AFAAF14E87E9}.Release|Any CPU.ActiveCfg = Release|Any CPU
		{6F929DCD-48D9-45ED-A9BD-AFAAF14E87E9}.Release|Any CPU.Build.0 = Release|Any CPU
		{3BD8A41D-50A9-4624-9920-503924093AE4}.Debug|Any CPU.ActiveCfg = Debug|Any CPU
		{3BD8A41D-50A9-4624-9920-503924093AE4}.Debug|Any CPU.Build.0 = Debug|Any CPU
		{3BD8A41D-50A9-4624-9920-503924093AE4}.Release|Any CPU.ActiveCfg = Release|Any CPU
		{3BD8A41D-50A9-4624-9920-503924093AE4}.Release|Any CPU.Build.0 = Release|Any CPU
		{49F420CE-AF11-4E98-8B48-4CCE5336DECF}.Debug|Any CPU.ActiveCfg = Debug|Any CPU
		{49F420CE-AF11-4E98-8B48-4CCE5336DECF}.Debug|Any CPU.Build.0 = Debug|Any CPU
		{49F420CE-AF11-4E98-8B48-4CCE5336DECF}.Release|Any CPU.ActiveCfg = Release|Any CPU
		{49F420CE-AF11-4E98-8B48-4CCE5336DECF}.Release|Any CPU.Build.0 = Release|Any CPU
		{CEDE98CB-DEC4-4692-9CCA-2A162F306A2E}.Debug|Any CPU.ActiveCfg = Debug|Any CPU
		{CEDE98CB-DEC4-4692-9CCA-2A162F306A2E}.Debug|Any CPU.Build.0 = Debug|Any CPU
		{CEDE98CB-DEC4-4692-9CCA-2A162F306A2E}.Release|Any CPU.ActiveCfg = Release|Any CPU
		{CEDE98CB-DEC4-4692-9CCA-2A162F306A2E}.Release|Any CPU.Build.0 = Release|Any CPU
		{E33FBB74-E026-444D-965F-75D888A5D5DD}.Debug|Any CPU.ActiveCfg = Debug|Any CPU
		{E33FBB74-E026-444D-965F-75D888A5D5DD}.Debug|Any CPU.Build.0 = Debug|Any CPU
		{E33FBB74-E026-444D-965F-75D888A5D5DD}.Release|Any CPU.ActiveCfg = Release|Any CPU
		{E33FBB74-E026-444D-965F-75D888A5D5DD}.Release|Any CPU.Build.0 = Release|Any CPU
		{D6BC3E85-4EBE-43C9-BF61-CDE73FCC46CC}.Debug|Any CPU.ActiveCfg = Debug|Any CPU
		{D6BC3E85-4EBE-43C9-BF61-CDE73FCC46CC}.Debug|Any CPU.Build.0 = Debug|Any CPU
		{D6BC3E85-4EBE-43C9-BF61-CDE73FCC46CC}.Release|Any CPU.ActiveCfg = Release|Any CPU
		{D6BC3E85-4EBE-43C9-BF61-CDE73FCC46CC}.Release|Any CPU.Build.0 = Release|Any CPU
		{4644D6D2-F973-4483-9F57-7E5EFA61C0B2}.Debug|Any CPU.ActiveCfg = Debug|Any CPU
		{4644D6D2-F973-4483-9F57-7E5EFA61C0B2}.Debug|Any CPU.Build.0 = Debug|Any CPU
		{4644D6D2-F973-4483-9F57-7E5EFA61C0B2}.Release|Any CPU.ActiveCfg = Release|Any CPU
		{4644D6D2-F973-4483-9F57-7E5EFA61C0B2}.Release|Any CPU.Build.0 = Release|Any CPU
		{13D45AA9-6B59-4AC9-8FF2-22B8BB4A1D1B}.Debug|Any CPU.ActiveCfg = Debug|Any CPU
		{13D45AA9-6B59-4AC9-8FF2-22B8BB4A1D1B}.Debug|Any CPU.Build.0 = Debug|Any CPU
		{13D45AA9-6B59-4AC9-8FF2-22B8BB4A1D1B}.Release|Any CPU.ActiveCfg = Release|Any CPU
		{13D45AA9-6B59-4AC9-8FF2-22B8BB4A1D1B}.Release|Any CPU.Build.0 = Release|Any CPU
		{48D7E7A2-4870-46A1-9D6E-A32FEB6624B0}.Debug|Any CPU.ActiveCfg = Debug|Any CPU
		{48D7E7A2-4870-46A1-9D6E-A32FEB6624B0}.Debug|Any CPU.Build.0 = Debug|Any CPU
		{48D7E7A2-4870-46A1-9D6E-A32FEB6624B0}.Release|Any CPU.ActiveCfg = Release|Any CPU
		{48D7E7A2-4870-46A1-9D6E-A32FEB6624B0}.Release|Any CPU.Build.0 = Release|Any CPU
		{96C57E0A-B36E-444C-96BE-CF778D6AB427}.Debug|Any CPU.ActiveCfg = Debug|Any CPU
		{96C57E0A-B36E-444C-96BE-CF778D6AB427}.Debug|Any CPU.Build.0 = Debug|Any CPU
		{96C57E0A-B36E-444C-96BE-CF778D6AB427}.Release|Any CPU.ActiveCfg = Release|Any CPU
		{96C57E0A-B36E-444C-96BE-CF778D6AB427}.Release|Any CPU.Build.0 = Release|Any CPU
		{30D7B617-F1C4-403D-BE86-114FE6EC7439}.Debug|Any CPU.ActiveCfg = Debug|Any CPU
		{30D7B617-F1C4-403D-BE86-114FE6EC7439}.Debug|Any CPU.Build.0 = Debug|Any CPU
		{30D7B617-F1C4-403D-BE86-114FE6EC7439}.Release|Any CPU.ActiveCfg = Release|Any CPU
		{30D7B617-F1C4-403D-BE86-114FE6EC7439}.Release|Any CPU.Build.0 = Release|Any CPU
		{264AD558-A980-4E12-9AED-6558170C656E}.Debug|Any CPU.ActiveCfg = Debug|Any CPU
		{264AD558-A980-4E12-9AED-6558170C656E}.Debug|Any CPU.Build.0 = Debug|Any CPU
		{264AD558-A980-4E12-9AED-6558170C656E}.Release|Any CPU.ActiveCfg = Release|Any CPU
		{264AD558-A980-4E12-9AED-6558170C656E}.Release|Any CPU.Build.0 = Release|Any CPU
		{202FFE0A-BC75-4E4D-87F6-37161108856B}.Debug|Any CPU.ActiveCfg = Debug|Any CPU
		{202FFE0A-BC75-4E4D-87F6-37161108856B}.Debug|Any CPU.Build.0 = Debug|Any CPU
		{202FFE0A-BC75-4E4D-87F6-37161108856B}.Release|Any CPU.ActiveCfg = Release|Any CPU
		{202FFE0A-BC75-4E4D-87F6-37161108856B}.Release|Any CPU.Build.0 = Release|Any CPU
		{1DD6A714-A966-4A70-9DBC-BC015F25E489}.Debug|Any CPU.ActiveCfg = Debug|Any CPU
		{1DD6A714-A966-4A70-9DBC-BC015F25E489}.Debug|Any CPU.Build.0 = Debug|Any CPU
		{1DD6A714-A966-4A70-9DBC-BC015F25E489}.Release|Any CPU.ActiveCfg = Release|Any CPU
		{1DD6A714-A966-4A70-9DBC-BC015F25E489}.Release|Any CPU.Build.0 = Release|Any CPU
		{7365E3A9-8E73-48FA-B044-8929F6692088}.Debug|Any CPU.ActiveCfg = Debug|Any CPU
		{7365E3A9-8E73-48FA-B044-8929F6692088}.Debug|Any CPU.Build.0 = Debug|Any CPU
		{7365E3A9-8E73-48FA-B044-8929F6692088}.Release|Any CPU.ActiveCfg = Release|Any CPU
		{7365E3A9-8E73-48FA-B044-8929F6692088}.Release|Any CPU.Build.0 = Release|Any CPU
		{E60949A9-B014-40D7-B89C-35B9F9E4F89E}.Debug|Any CPU.ActiveCfg = Debug|Any CPU
		{E60949A9-B014-40D7-B89C-35B9F9E4F89E}.Debug|Any CPU.Build.0 = Debug|Any CPU
		{E60949A9-B014-40D7-B89C-35B9F9E4F89E}.Release|Any CPU.ActiveCfg = Release|Any CPU
		{E60949A9-B014-40D7-B89C-35B9F9E4F89E}.Release|Any CPU.Build.0 = Release|Any CPU
		{28783428-B18E-4867-B682-C6EA6A8852A3}.Debug|Any CPU.ActiveCfg = Debug|Any CPU
		{28783428-B18E-4867-B682-C6EA6A8852A3}.Debug|Any CPU.Build.0 = Debug|Any CPU
		{28783428-B18E-4867-B682-C6EA6A8852A3}.Release|Any CPU.ActiveCfg = Release|Any CPU
		{28783428-B18E-4867-B682-C6EA6A8852A3}.Release|Any CPU.Build.0 = Release|Any CPU
		{1B1600B8-7ACB-4B6B-8BC6-138DD4797CAD}.Debug|Any CPU.ActiveCfg = Debug|Any CPU
		{1B1600B8-7ACB-4B6B-8BC6-138DD4797CAD}.Debug|Any CPU.Build.0 = Debug|Any CPU
		{1B1600B8-7ACB-4B6B-8BC6-138DD4797CAD}.Release|Any CPU.ActiveCfg = Release|Any CPU
		{1B1600B8-7ACB-4B6B-8BC6-138DD4797CAD}.Release|Any CPU.Build.0 = Release|Any CPU
		{67BF7B14-4D2B-4FD9-A297-AF13734EC13B}.Debug|Any CPU.ActiveCfg = Debug|Any CPU
		{67BF7B14-4D2B-4FD9-A297-AF13734EC13B}.Debug|Any CPU.Build.0 = Debug|Any CPU
		{67BF7B14-4D2B-4FD9-A297-AF13734EC13B}.Release|Any CPU.ActiveCfg = Release|Any CPU
		{67BF7B14-4D2B-4FD9-A297-AF13734EC13B}.Release|Any CPU.Build.0 = Release|Any CPU
		{90197769-BEF1-47C4-B661-B0DCFC77766D}.Debug|Any CPU.ActiveCfg = Debug|Any CPU
		{90197769-BEF1-47C4-B661-B0DCFC77766D}.Debug|Any CPU.Build.0 = Debug|Any CPU
		{90197769-BEF1-47C4-B661-B0DCFC77766D}.Release|Any CPU.ActiveCfg = Release|Any CPU
		{90197769-BEF1-47C4-B661-B0DCFC77766D}.Release|Any CPU.Build.0 = Release|Any CPU
		{54C9B10A-A23B-49EB-818D-CAE5A59534E4}.Debug|Any CPU.ActiveCfg = Debug|Any CPU
		{54C9B10A-A23B-49EB-818D-CAE5A59534E4}.Debug|Any CPU.Build.0 = Debug|Any CPU
		{54C9B10A-A23B-49EB-818D-CAE5A59534E4}.Release|Any CPU.ActiveCfg = Release|Any CPU
		{54C9B10A-A23B-49EB-818D-CAE5A59534E4}.Release|Any CPU.Build.0 = Release|Any CPU
		{D4D00D26-5AFD-41B2-AAAF-BCCF030EC917}.Debug|Any CPU.ActiveCfg = Debug|Any CPU
		{D4D00D26-5AFD-41B2-AAAF-BCCF030EC917}.Debug|Any CPU.Build.0 = Debug|Any CPU
		{D4D00D26-5AFD-41B2-AAAF-BCCF030EC917}.Release|Any CPU.ActiveCfg = Release|Any CPU
		{D4D00D26-5AFD-41B2-AAAF-BCCF030EC917}.Release|Any CPU.Build.0 = Release|Any CPU
		{8D7FD852-52FF-4439-BD59-02A4342E06EC}.Debug|Any CPU.ActiveCfg = Debug|Any CPU
		{8D7FD852-52FF-4439-BD59-02A4342E06EC}.Debug|Any CPU.Build.0 = Debug|Any CPU
		{8D7FD852-52FF-4439-BD59-02A4342E06EC}.Release|Any CPU.ActiveCfg = Release|Any CPU
		{8D7FD852-52FF-4439-BD59-02A4342E06EC}.Release|Any CPU.Build.0 = Release|Any CPU
		{388B9C11-98E3-4B75-8153-A698C757D68E}.Debug|Any CPU.ActiveCfg = Debug|Any CPU
		{388B9C11-98E3-4B75-8153-A698C757D68E}.Debug|Any CPU.Build.0 = Debug|Any CPU
		{388B9C11-98E3-4B75-8153-A698C757D68E}.Release|Any CPU.ActiveCfg = Release|Any CPU
		{388B9C11-98E3-4B75-8153-A698C757D68E}.Release|Any CPU.Build.0 = Release|Any CPU
		{B635145B-8166-44A7-BA1A-060944ED329E}.Debug|Any CPU.ActiveCfg = Debug|Any CPU
		{B635145B-8166-44A7-BA1A-060944ED329E}.Debug|Any CPU.Build.0 = Debug|Any CPU
		{B635145B-8166-44A7-BA1A-060944ED329E}.Release|Any CPU.ActiveCfg = Release|Any CPU
		{B635145B-8166-44A7-BA1A-060944ED329E}.Release|Any CPU.Build.0 = Release|Any CPU
		{25206F54-8F46-4F97-87DD-1B3E456D5477}.Debug|Any CPU.ActiveCfg = Debug|Any CPU
		{25206F54-8F46-4F97-87DD-1B3E456D5477}.Debug|Any CPU.Build.0 = Debug|Any CPU
		{25206F54-8F46-4F97-87DD-1B3E456D5477}.Release|Any CPU.ActiveCfg = Release|Any CPU
		{25206F54-8F46-4F97-87DD-1B3E456D5477}.Release|Any CPU.Build.0 = Release|Any CPU
		{89A09A22-930E-4EC4-B7C6-653DC456540A}.Debug|Any CPU.ActiveCfg = Debug|Any CPU
		{89A09A22-930E-4EC4-B7C6-653DC456540A}.Debug|Any CPU.Build.0 = Debug|Any CPU
		{89A09A22-930E-4EC4-B7C6-653DC456540A}.Release|Any CPU.ActiveCfg = Release|Any CPU
		{89A09A22-930E-4EC4-B7C6-653DC456540A}.Release|Any CPU.Build.0 = Release|Any CPU
		{C83E2401-377E-4729-BFD3-73D87BB93F88}.Debug|Any CPU.ActiveCfg = Debug|Any CPU
		{C83E2401-377E-4729-BFD3-73D87BB93F88}.Debug|Any CPU.Build.0 = Debug|Any CPU
		{C83E2401-377E-4729-BFD3-73D87BB93F88}.Release|Any CPU.ActiveCfg = Release|Any CPU
		{C83E2401-377E-4729-BFD3-73D87BB93F88}.Release|Any CPU.Build.0 = Release|Any CPU
		{57499510-2DC5-4C96-A731-A494AB044EC1}.Debug|Any CPU.ActiveCfg = Debug|Any CPU
		{57499510-2DC5-4C96-A731-A494AB044EC1}.Debug|Any CPU.Build.0 = Debug|Any CPU
		{57499510-2DC5-4C96-A731-A494AB044EC1}.Release|Any CPU.ActiveCfg = Release|Any CPU
		{57499510-2DC5-4C96-A731-A494AB044EC1}.Release|Any CPU.Build.0 = Release|Any CPU
		{C21F2317-6624-4968-9DFA-99CBABFF1EB0}.Debug|Any CPU.ActiveCfg = Debug|Any CPU
		{C21F2317-6624-4968-9DFA-99CBABFF1EB0}.Debug|Any CPU.Build.0 = Debug|Any CPU
		{C21F2317-6624-4968-9DFA-99CBABFF1EB0}.Release|Any CPU.ActiveCfg = Release|Any CPU
		{C21F2317-6624-4968-9DFA-99CBABFF1EB0}.Release|Any CPU.Build.0 = Release|Any CPU
		{01612586-3557-4AEF-8E26-A9F1C1608ED5}.Debug|Any CPU.ActiveCfg = Debug|Any CPU
		{01612586-3557-4AEF-8E26-A9F1C1608ED5}.Debug|Any CPU.Build.0 = Debug|Any CPU
		{01612586-3557-4AEF-8E26-A9F1C1608ED5}.Release|Any CPU.ActiveCfg = Release|Any CPU
		{01612586-3557-4AEF-8E26-A9F1C1608ED5}.Release|Any CPU.Build.0 = Release|Any CPU
		{B6D7ADBA-827C-40D6-B4CF-D5BF838A2CEE}.Debug|Any CPU.ActiveCfg = Debug|Any CPU
		{B6D7ADBA-827C-40D6-B4CF-D5BF838A2CEE}.Debug|Any CPU.Build.0 = Debug|Any CPU
		{B6D7ADBA-827C-40D6-B4CF-D5BF838A2CEE}.Release|Any CPU.ActiveCfg = Release|Any CPU
		{B6D7ADBA-827C-40D6-B4CF-D5BF838A2CEE}.Release|Any CPU.Build.0 = Release|Any CPU
		{759B3226-72F7-4040-BF1B-CC8A7DDFC779}.Debug|Any CPU.ActiveCfg = Debug|Any CPU
		{759B3226-72F7-4040-BF1B-CC8A7DDFC779}.Debug|Any CPU.Build.0 = Debug|Any CPU
		{759B3226-72F7-4040-BF1B-CC8A7DDFC779}.Release|Any CPU.ActiveCfg = Release|Any CPU
		{759B3226-72F7-4040-BF1B-CC8A7DDFC779}.Release|Any CPU.Build.0 = Release|Any CPU
		{49C9F3B1-402E-4089-896C-DC5231F23703}.Debug|Any CPU.ActiveCfg = Debug|Any CPU
		{49C9F3B1-402E-4089-896C-DC5231F23703}.Debug|Any CPU.Build.0 = Debug|Any CPU
		{49C9F3B1-402E-4089-896C-DC5231F23703}.Release|Any CPU.ActiveCfg = Release|Any CPU
		{49C9F3B1-402E-4089-896C-DC5231F23703}.Release|Any CPU.Build.0 = Release|Any CPU
		{E122CC52-C248-4304-B52A-EF6BE483FB1F}.Debug|Any CPU.ActiveCfg = Debug|Any CPU
		{E122CC52-C248-4304-B52A-EF6BE483FB1F}.Debug|Any CPU.Build.0 = Debug|Any CPU
		{E122CC52-C248-4304-B52A-EF6BE483FB1F}.Release|Any CPU.ActiveCfg = Release|Any CPU
		{E122CC52-C248-4304-B52A-EF6BE483FB1F}.Release|Any CPU.Build.0 = Release|Any CPU
		{F69124E2-9281-4DAD-9677-BFAE507E811D}.Debug|Any CPU.ActiveCfg = Debug|Any CPU
		{F69124E2-9281-4DAD-9677-BFAE507E811D}.Debug|Any CPU.Build.0 = Debug|Any CPU
		{F69124E2-9281-4DAD-9677-BFAE507E811D}.Release|Any CPU.ActiveCfg = Release|Any CPU
		{F69124E2-9281-4DAD-9677-BFAE507E811D}.Release|Any CPU.Build.0 = Release|Any CPU
		{0351786D-6ED7-4E17-B18C-D8316F272063}.Debug|Any CPU.ActiveCfg = Debug|Any CPU
		{0351786D-6ED7-4E17-B18C-D8316F272063}.Debug|Any CPU.Build.0 = Debug|Any CPU
		{0351786D-6ED7-4E17-B18C-D8316F272063}.Release|Any CPU.ActiveCfg = Release|Any CPU
		{0351786D-6ED7-4E17-B18C-D8316F272063}.Release|Any CPU.Build.0 = Release|Any CPU
		{0CB2AA7D-BE4A-43C9-821B-C3656F7039DA}.Debug|Any CPU.ActiveCfg = Debug|Any CPU
		{0CB2AA7D-BE4A-43C9-821B-C3656F7039DA}.Debug|Any CPU.Build.0 = Debug|Any CPU
		{0CB2AA7D-BE4A-43C9-821B-C3656F7039DA}.Release|Any CPU.ActiveCfg = Release|Any CPU
		{0CB2AA7D-BE4A-43C9-821B-C3656F7039DA}.Release|Any CPU.Build.0 = Release|Any CPU
		{55C37300-B0A0-436A-9C59-CE56DB00E3C0}.Debug|Any CPU.ActiveCfg = Debug|Any CPU
		{55C37300-B0A0-436A-9C59-CE56DB00E3C0}.Debug|Any CPU.Build.0 = Debug|Any CPU
		{55C37300-B0A0-436A-9C59-CE56DB00E3C0}.Release|Any CPU.ActiveCfg = Release|Any CPU
		{55C37300-B0A0-436A-9C59-CE56DB00E3C0}.Release|Any CPU.Build.0 = Release|Any CPU
		{F9C593AA-3CBF-4A3E-ABB3-EC65AD46B3DD}.Debug|Any CPU.ActiveCfg = Debug|Any CPU
		{F9C593AA-3CBF-4A3E-ABB3-EC65AD46B3DD}.Debug|Any CPU.Build.0 = Debug|Any CPU
		{F9C593AA-3CBF-4A3E-ABB3-EC65AD46B3DD}.Release|Any CPU.ActiveCfg = Release|Any CPU
		{F9C593AA-3CBF-4A3E-ABB3-EC65AD46B3DD}.Release|Any CPU.Build.0 = Release|Any CPU
	EndGlobalSection
	GlobalSection(SolutionProperties) = preSolution
		HideSolutionNode = FALSE
	EndGlobalSection
	GlobalSection(NestedProjects) = preSolution
		{6F929DCD-48D9-45ED-A9BD-AFAAF14E87E9} = {42272F0A-0F33-42C1-9CB6-7E4EFCACFE7C}
		{3BD8A41D-50A9-4624-9920-503924093AE4} = {42272F0A-0F33-42C1-9CB6-7E4EFCACFE7C}
		{78662238-C5E1-4563-B25C-4FEAC611FD22} = {C301C505-8347-4D23-A779-EC0B1660562C}
		{49F420CE-AF11-4E98-8B48-4CCE5336DECF} = {78662238-C5E1-4563-B25C-4FEAC611FD22}
		{CEDE98CB-DEC4-4692-9CCA-2A162F306A2E} = {42272F0A-0F33-42C1-9CB6-7E4EFCACFE7C}
		{5E91065E-3C01-434A-A533-154352E6D3DB} = {C301C505-8347-4D23-A779-EC0B1660562C}
		{E33FBB74-E026-444D-965F-75D888A5D5DD} = {5E91065E-3C01-434A-A533-154352E6D3DB}
		{D6BC3E85-4EBE-43C9-BF61-CDE73FCC46CC} = {5E91065E-3C01-434A-A533-154352E6D3DB}
		{4644D6D2-F973-4483-9F57-7E5EFA61C0B2} = {5E91065E-3C01-434A-A533-154352E6D3DB}
		{9D3DF840-4D4F-4D16-81B3-B5667FDF451E} = {C301C505-8347-4D23-A779-EC0B1660562C}
		{13D45AA9-6B59-4AC9-8FF2-22B8BB4A1D1B} = {9D3DF840-4D4F-4D16-81B3-B5667FDF451E}
		{97682BBB-CC7E-4E04-814F-856FA41CFD6E} = {C301C505-8347-4D23-A779-EC0B1660562C}
		{48D7E7A2-4870-46A1-9D6E-A32FEB6624B0} = {97682BBB-CC7E-4E04-814F-856FA41CFD6E}
		{96C57E0A-B36E-444C-96BE-CF778D6AB427} = {97682BBB-CC7E-4E04-814F-856FA41CFD6E}
		{30D7B617-F1C4-403D-BE86-114FE6EC7439} = {97682BBB-CC7E-4E04-814F-856FA41CFD6E}
		{264AD558-A980-4E12-9AED-6558170C656E} = {42272F0A-0F33-42C1-9CB6-7E4EFCACFE7C}
		{202FFE0A-BC75-4E4D-87F6-37161108856B} = {D29B4F6F-3E61-4EEE-B8AC-5C787A198CC8}
		{6341790F-EB07-4CDF-9038-477CA9FD8B36} = {C301C505-8347-4D23-A779-EC0B1660562C}
		{E60949A9-B014-40D7-B89C-35B9F9E4F89E} = {6341790F-EB07-4CDF-9038-477CA9FD8B36}
		{3F4C435F-7EE4-4903-9BC1-9D801413298D} = {30416A1C-A7E2-47E1-9265-620A81AE1A8A}
		{28783428-B18E-4867-B682-C6EA6A8852A3} = {3F4C435F-7EE4-4903-9BC1-9D801413298D}
		{94F50FB1-2743-47C3-88BB-F4B4E07268DA} = {30416A1C-A7E2-47E1-9265-620A81AE1A8A}
		{1B1600B8-7ACB-4B6B-8BC6-138DD4797CAD} = {94F50FB1-2743-47C3-88BB-F4B4E07268DA}
		{67BF7B14-4D2B-4FD9-A297-AF13734EC13B} = {94F50FB1-2743-47C3-88BB-F4B4E07268DA}
		{545BC861-FC71-4CE1-AA93-FF4FE2A35B47} = {30416A1C-A7E2-47E1-9265-620A81AE1A8A}
		{90197769-BEF1-47C4-B661-B0DCFC77766D} = {545BC861-FC71-4CE1-AA93-FF4FE2A35B47}
		{54C9B10A-A23B-49EB-818D-CAE5A59534E4} = {545BC861-FC71-4CE1-AA93-FF4FE2A35B47}
		{6DEA1E94-7621-4ACB-888C-0B35DF9D103D} = {30416A1C-A7E2-47E1-9265-620A81AE1A8A}
		{D4D00D26-5AFD-41B2-AAAF-BCCF030EC917} = {6DEA1E94-7621-4ACB-888C-0B35DF9D103D}
		{8D7FD852-52FF-4439-BD59-02A4342E06EC} = {A2F7ED75-1E32-42D4-A813-C7DB9E33A0A8}
		{4A62A8BD-E89B-4FC6-91E3-436BCF7B7EFD} = {A2F7ED75-1E32-42D4-A813-C7DB9E33A0A8}
		{388B9C11-98E3-4B75-8153-A698C757D68E} = {4A62A8BD-E89B-4FC6-91E3-436BCF7B7EFD}
		{BEE2DB29-16F4-40EF-9294-F4CA755A36FF} = {A2F7ED75-1E32-42D4-A813-C7DB9E33A0A8}
		{B635145B-8166-44A7-BA1A-060944ED329E} = {BEE2DB29-16F4-40EF-9294-F4CA755A36FF}
		{25206F54-8F46-4F97-87DD-1B3E456D5477} = {BEE2DB29-16F4-40EF-9294-F4CA755A36FF}
		{89A09A22-930E-4EC4-B7C6-653DC456540A} = {D29B4F6F-3E61-4EEE-B8AC-5C787A198CC8}
		{4EDC78FA-FDEB-487C-872D-AB696CFB93C9} = {A2F7ED75-1E32-42D4-A813-C7DB9E33A0A8}
		{C83E2401-377E-4729-BFD3-73D87BB93F88} = {4EDC78FA-FDEB-487C-872D-AB696CFB93C9}
		{F37D424B-67E8-4A91-9B37-A1D79D204B9F} = {A2F7ED75-1E32-42D4-A813-C7DB9E33A0A8}
		{57499510-2DC5-4C96-A731-A494AB044EC1} = {F37D424B-67E8-4A91-9B37-A1D79D204B9F}
		{C21F2317-6624-4968-9DFA-99CBABFF1EB0} = {F37D424B-67E8-4A91-9B37-A1D79D204B9F}
		{9E0D364D-41B5-4CC1-A4B4-A7C1163F5F69} = {A2F7ED75-1E32-42D4-A813-C7DB9E33A0A8}
		{01612586-3557-4AEF-8E26-A9F1C1608ED5} = {9E0D364D-41B5-4CC1-A4B4-A7C1163F5F69}
		{B6D7ADBA-827C-40D6-B4CF-D5BF838A2CEE} = {D29B4F6F-3E61-4EEE-B8AC-5C787A198CC8}
		{759B3226-72F7-4040-BF1B-CC8A7DDFC779} = {27764C78-6DD1-4763-8C80-4C64AA886E73}
		{49C9F3B1-402E-4089-896C-DC5231F23703} = {27764C78-6DD1-4763-8C80-4C64AA886E73}
		{6649F74F-D0C4-4ADD-9F62-7F53DBF71CB3} = {27764C78-6DD1-4763-8C80-4C64AA886E73}
		{E122CC52-C248-4304-B52A-EF6BE483FB1F} = {6649F74F-D0C4-4ADD-9F62-7F53DBF71CB3}
		{F69124E2-9281-4DAD-9677-BFAE507E811D} = {6649F74F-D0C4-4ADD-9F62-7F53DBF71CB3}
		{7A6E3FA6-E4B7-4392-B623-B3736C6A0DCB} = {27764C78-6DD1-4763-8C80-4C64AA886E73}
		{0351786D-6ED7-4E17-B18C-D8316F272063} = {7A6E3FA6-E4B7-4392-B623-B3736C6A0DCB}
		{0CB2AA7D-BE4A-43C9-821B-C3656F7039DA} = {7A6E3FA6-E4B7-4392-B623-B3736C6A0DCB}
		{55C37300-B0A0-436A-9C59-CE56DB00E3C0} = {27764C78-6DD1-4763-8C80-4C64AA886E73}
		{F990B3EE-7881-484B-A7DF-67EF92A4EE8B} = {27764C78-6DD1-4763-8C80-4C64AA886E73}
		{F9C593AA-3CBF-4A3E-ABB3-EC65AD46B3DD} = {F990B3EE-7881-484B-A7DF-67EF92A4EE8B}
	EndGlobalSection
EndGlobal
